
Microsoft Visual Studio Solution File, Format Version 12.00
# Visual Studio Version 17
VisualStudioVersion = 17.0.32112.339
MinimumVisualStudioVersion = 10.0.40219.1
Project("{FAE04EC0-301F-11D3-BF4B-00C04F79EFBC}") = "sistema_escolar.console", "sistema_escolar.console\sistema_escolar.console.csproj", "{A75AEB9C-8EFD-423D-9457-D37CB104DC1F}"
EndProject
Global
	GlobalSection(SolutionConfigurationPlatforms) = preSolution
		Debug|Any CPU = Debug|Any CPU
		Release|Any CPU = Release|Any CPU
	EndGlobalSection
	GlobalSection(ProjectConfigurationPlatforms) = postSolution
		{A75AEB9C-8EFD-423D-9457-D37CB104DC1F}.Debug|Any CPU.ActiveCfg = Debug|Any CPU
		{A75AEB9C-8EFD-423D-9457-D37CB104DC1F}.Debug|Any CPU.Build.0 = Debug|Any CPU
		{A75AEB9C-8EFD-423D-9457-D37CB104DC1F}.Release|Any CPU.ActiveCfg = Release|Any CPU
		{A75AEB9C-8EFD-423D-9457-D37CB104DC1F}.Release|Any CPU.Build.0 = Release|Any CPU
	EndGlobalSection
	GlobalSection(SolutionProperties) = preSolution
		HideSolutionNode = FALSE
	EndGlobalSection
	GlobalSection(ExtensibilityGlobals) = postSolution
		SolutionGuid = {05A9594E-B447-461C-98EA-E7ED546CADB9}
	EndGlobalSection
EndGlobal
